// !$*UTF8*$!
{
	archiveVersion = 1;
	classes = {
	};
	objectVersion = 46;
	objects = {

/* Begin PBXBuildFile section */
		0D493C9B159D729C004DB4F8 /* Foundation.framework in Frameworks */ = {isa = PBXBuildFile; fileRef = 0D493C9A159D729C004DB4F8 /* Foundation.framework */; };
		0D493CA5159D729D004DB4F8 /* openInChrome.m in Sources */ = {isa = PBXBuildFile; fileRef = 0D493CA4159D729D004DB4F8 /* openInChrome.m */; };
		0D493CB0159D79A1004DB4F8 /* libsubstrate.dylib in Frameworks */ = {isa = PBXBuildFile; fileRef = 0D493CAF159D79A1004DB4F8 /* libsubstrate.dylib */; };
		0D85913E15AEAD7B0095A559 /* UIKit.framework in Frameworks */ = {isa = PBXBuildFile; fileRef = 0D85913D15AEAD7B0095A559 /* UIKit.framework */; };
		0D85914115AFED970095A559 /* OpenInChromeModel.h in Headers */ = {isa = PBXBuildFile; fileRef = 0D85913F15AFED970095A559 /* OpenInChromeModel.h */; };
		0D85914215AFED970095A559 /* OpenInChromeModel.m in Sources */ = {isa = PBXBuildFile; fileRef = 0D85914015AFED970095A559 /* OpenInChromeModel.m */; };
/* End PBXBuildFile section */

/* Begin PBXFileReference section */
		0D1AF43016B76C1400D4BBF2 /* PrivateHeaders.h */ = {isa = PBXFileReference; lastKnownFileType = sourcecode.c.h; path = PrivateHeaders.h; sourceTree = "<group>"; };
		0D493C97159D729C004DB4F8 /* openInChrome.dylib */ = {isa = PBXFileReference; explicitFileType = "compiled.mach-o.dylib"; includeInIndex = 0; path = openInChrome.dylib; sourceTree = BUILT_PRODUCTS_DIR; };
		0D493C9A159D729C004DB4F8 /* Foundation.framework */ = {isa = PBXFileReference; lastKnownFileType = wrapper.framework; name = Foundation.framework; path = System/Library/Frameworks/Foundation.framework; sourceTree = SDKROOT; };
		0D493CA0159D729C004DB4F8 /* control */ = {isa = PBXFileReference; lastKnownFileType = text; name = control; path = Package/DEBIAN/control; sourceTree = "<group>"; };
		0D493CA3159D729C004DB4F8 /* openInChrome-Prefix.pch */ = {isa = PBXFileReference; lastKnownFileType = sourcecode.c.h; path = "openInChrome-Prefix.pch"; sourceTree = "<group>"; };
		0D493CA4159D729D004DB4F8 /* openInChrome.m */ = {isa = PBXFileReference; lastKnownFileType = sourcecode.c.objc; path = openInChrome.m; sourceTree = "<group>"; };
		0D493CA9159D729D004DB4F8 /* openInChrome.plist */ = {isa = PBXFileReference; lastKnownFileType = text.plist.xml; name = openInChrome.plist; path = Package/Library/MobileSubstrate/DynamicLibraries/openInChrome.plist; sourceTree = "<group>"; };
		0D493CAF159D79A1004DB4F8 /* libsubstrate.dylib */ = {isa = PBXFileReference; lastKnownFileType = "compiled.mach-o.dylib"; name = libsubstrate.dylib; path = /opt/iOSOpenDev/lib/libsubstrate.dylib; sourceTree = "<absolute>"; };
		0D493CB4159D843B004DB4F8 /* OpenInChrome.plist */ = {isa = PBXFileReference; fileEncoding = 4; lastKnownFileType = text.plist.xml; path = OpenInChrome.plist; sourceTree = "<group>"; };
		0D493CB5159D8563004DB4F8 /* OpenInChrome@2x.png */ = {isa = PBXFileReference; lastKnownFileType = image.png; path = "OpenInChrome@2x.png"; sourceTree = "<group>"; };
		0D493CB6159D8563004DB4F8 /* OpenInChrome.png */ = {isa = PBXFileReference; lastKnownFileType = image.png; path = OpenInChrome.png; sourceTree = "<group>"; };
		0D85913D15AEAD7B0095A559 /* UIKit.framework */ = {isa = PBXFileReference; lastKnownFileType = wrapper.framework; name = UIKit.framework; path = System/Library/Frameworks/UIKit.framework; sourceTree = SDKROOT; };
		0D85913F15AFED970095A559 /* OpenInChromeModel.h */ = {isa = PBXFileReference; fileEncoding = 4; lastKnownFileType = sourcecode.c.h; path = OpenInChromeModel.h; sourceTree = "<group>"; };
		0D85914015AFED970095A559 /* OpenInChromeModel.m */ = {isa = PBXFileReference; fileEncoding = 4; lastKnownFileType = sourcecode.c.objc; path = OpenInChromeModel.m; sourceTree = "<group>"; };
		0DC271761898669D00510EDE /* postinst */ = {isa = PBXFileReference; lastKnownFileType = text.script.sh; name = postinst; path = Package/DEBIAN/postinst; sourceTree = "<group>"; };
		0DC271771898669D00510EDE /* postrm */ = {isa = PBXFileReference; lastKnownFileType = text.script.sh; name = postrm; path = Package/DEBIAN/postrm; sourceTree = "<group>"; };
/* End PBXFileReference section */

/* Begin PBXFrameworksBuildPhase section */
		0D493C93159D729C004DB4F8 /* Frameworks */ = {
			isa = PBXFrameworksBuildPhase;
			buildActionMask = 2147483647;
			files = (
				0D85913E15AEAD7B0095A559 /* UIKit.framework in Frameworks */,
				0D493CB0159D79A1004DB4F8 /* libsubstrate.dylib in Frameworks */,
				0D493C9B159D729C004DB4F8 /* Foundation.framework in Frameworks */,
			);
			runOnlyForDeploymentPostprocessing = 0;
		};
/* End PBXFrameworksBuildPhase section */

/* Begin PBXGroup section */
		0D493C8B159D729C004DB4F8 = {
			isa = PBXGroup;
			children = (
				0D493C9C159D729C004DB4F8 /* openInChrome */,
				0D493C99159D729C004DB4F8 /* Frameworks */,
				0D493C98159D729C004DB4F8 /* Products */,
			);
			sourceTree = "<group>";
		};
		0D493C98159D729C004DB4F8 /* Products */ = {
			isa = PBXGroup;
			children = (
				0D493C97159D729C004DB4F8 /* openInChrome.dylib */,
			);
			name = Products;
			sourceTree = "<group>";
		};
		0D493C99159D729C004DB4F8 /* Frameworks */ = {
			isa = PBXGroup;
			children = (
				0D85913D15AEAD7B0095A559 /* UIKit.framework */,
				0D493CAF159D79A1004DB4F8 /* libsubstrate.dylib */,
				0D493C9A159D729C004DB4F8 /* Foundation.framework */,
			);
			name = Frameworks;
			sourceTree = "<group>";
		};
		0D493C9C159D729C004DB4F8 /* openInChrome */ = {
			isa = PBXGroup;
			children = (
				0D1AF43016B76C1400D4BBF2 /* PrivateHeaders.h */,
				0D85913F15AFED970095A559 /* OpenInChromeModel.h */,
				0D85914015AFED970095A559 /* OpenInChromeModel.m */,
				0D493CA4159D729D004DB4F8 /* openInChrome.m */,
				0D493C9D159D729C004DB4F8 /* Package */,
				0D493CA1159D729C004DB4F8 /* Supporting Files */,
			);
			path = openInChrome;
			sourceTree = "<group>";
		};
		0D493C9D159D729C004DB4F8 /* Package */ = {
			isa = PBXGroup;
			children = (
				0D493C9E159D729C004DB4F8 /* DEBIAN */,
				0D493CA6159D729D004DB4F8 /* Library */,
			);
			name = Package;
			sourceTree = "<group>";
		};
		0D493C9E159D729C004DB4F8 /* DEBIAN */ = {
			isa = PBXGroup;
			children = (
				0DC271761898669D00510EDE /* postinst */,
				0DC271771898669D00510EDE /* postrm */,
				0D493CA0159D729C004DB4F8 /* control */,
			);
			name = DEBIAN;
			sourceTree = "<group>";
		};
		0D493CA1159D729C004DB4F8 /* Supporting Files */ = {
			isa = PBXGroup;
			children = (
				0D493CA3159D729C004DB4F8 /* openInChrome-Prefix.pch */,
			);
			name = "Supporting Files";
			sourceTree = "<group>";
		};
		0D493CA6159D729D004DB4F8 /* Library */ = {
			isa = PBXGroup;
			children = (
				0D493CB2159D843B004DB4F8 /* PreferenceLoader */,
				0D493CA7159D729D004DB4F8 /* MobileSubstrate */,
			);
			name = Library;
			sourceTree = "<group>";
		};
		0D493CA7159D729D004DB4F8 /* MobileSubstrate */ = {
			isa = PBXGroup;
			children = (
				0D493CA8159D729D004DB4F8 /* DynamicLibraries */,
			);
			name = MobileSubstrate;
			sourceTree = "<group>";
		};
		0D493CA8159D729D004DB4F8 /* DynamicLibraries */ = {
			isa = PBXGroup;
			children = (
				0D493CA9159D729D004DB4F8 /* openInChrome.plist */,
			);
			name = DynamicLibraries;
			sourceTree = "<group>";
		};
		0D493CB2159D843B004DB4F8 /* PreferenceLoader */ = {
			isa = PBXGroup;
			children = (
				0D493CB3159D843B004DB4F8 /* Preferences */,
			);
			name = PreferenceLoader;
			path = Package/Library/PreferenceLoader;
			sourceTree = "<group>";
		};
		0D493CB3159D843B004DB4F8 /* Preferences */ = {
			isa = PBXGroup;
			children = (
				0D493CB5159D8563004DB4F8 /* OpenInChrome@2x.png */,
				0D493CB6159D8563004DB4F8 /* OpenInChrome.png */,
				0D493CB4159D843B004DB4F8 /* OpenInChrome.plist */,
			);
			path = Preferences;
			sourceTree = "<group>";
		};
/* End PBXGroup section */

/* Begin PBXHeadersBuildPhase section */
		0D493C94159D729C004DB4F8 /* Headers */ = {
			isa = PBXHeadersBuildPhase;
			buildActionMask = 2147483647;
			files = (
				0D85914115AFED970095A559 /* OpenInChromeModel.h in Headers */,
			);
			runOnlyForDeploymentPostprocessing = 0;
		};
/* End PBXHeadersBuildPhase section */

/* Begin PBXNativeTarget section */
		0D493C96159D729C004DB4F8 /* openInChrome */ = {
			isa = PBXNativeTarget;
			buildConfigurationList = 0D493CAC159D729D004DB4F8 /* Build configuration list for PBXNativeTarget "openInChrome" */;
			buildPhases = (
				0D493C92159D729C004DB4F8 /* Sources */,
				0D493C93159D729C004DB4F8 /* Frameworks */,
				0D493C94159D729C004DB4F8 /* Headers */,
				0D493C95159D729C004DB4F8 /* ShellScript */,
			);
			buildRules = (
			);
			dependencies = (
			);
			name = openInChrome;
			productName = openInChrome;
			productReference = 0D493C97159D729C004DB4F8 /* openInChrome.dylib */;
			productType = "com.apple.product-type.library.dynamic";
		};
/* End PBXNativeTarget section */

/* Begin PBXProject section */
		0D493C8D159D729C004DB4F8 /* Project object */ = {
			isa = PBXProject;
			attributes = {
				LastUpgradeCheck = 0460;
			};
			buildConfigurationList = 0D493C90159D729C004DB4F8 /* Build configuration list for PBXProject "openInChrome" */;
			compatibilityVersion = "Xcode 3.2";
			developmentRegion = English;
			hasScannedForEncodings = 0;
			knownRegions = (
				en,
			);
			mainGroup = 0D493C8B159D729C004DB4F8;
			productRefGroup = 0D493C98159D729C004DB4F8 /* Products */;
			projectDirPath = "";
			projectRoot = "";
			targets = (
				0D493C96159D729C004DB4F8 /* openInChrome */,
			);
		};
/* End PBXProject section */

/* Begin PBXShellScriptBuildPhase section */
		0D493C95159D729C004DB4F8 /* ShellScript */ = {
			isa = PBXShellScriptBuildPhase;
			buildActionMask = 2147483647;
			files = (
			);
			inputPaths = (
			);
			outputPaths = (
			);
			runOnlyForDeploymentPostprocessing = 0;
			shellPath = /bin/sh;
			shellScript = "/opt/iOSOpenDev/bin/iosod --xcbp";
		};
/* End PBXShellScriptBuildPhase section */

/* Begin PBXSourcesBuildPhase section */
		0D493C92159D729C004DB4F8 /* Sources */ = {
			isa = PBXSourcesBuildPhase;
			buildActionMask = 2147483647;
			files = (
				0D493CA5159D729D004DB4F8 /* openInChrome.m in Sources */,
				0D85914215AFED970095A559 /* OpenInChromeModel.m in Sources */,
			);
			runOnlyForDeploymentPostprocessing = 0;
		};
/* End PBXSourcesBuildPhase section */

/* Begin XCBuildConfiguration section */
		0D493CAA159D729D004DB4F8 /* Release */ = {
			isa = XCBuildConfiguration;
			buildSettings = {
				ARCHS = "$(ARCHS_STANDARD_INCLUDING_64_BIT)";
				COPY_PHASE_STRIP = YES;
				EXCLUDED_RECURSIVE_SEARCH_PATH_SUBDIRECTORIES = "*.nib *.lproj *.gch (*) .DS_Store CVS .svn .git .hg *.xcodeproj *.xcode *.pbproj *.pbxproj";
				FRAMEWORK_SEARCH_PATHS = "$(iOSOpenDevPath)/frameworks/**";
				GCC_C_LANGUAGE_STANDARD = gnu99;
				GCC_WARN_ABOUT_MISSING_PROTOTYPES = YES;
				GCC_WARN_ABOUT_RETURN_TYPE = YES;
				GCC_WARN_UNUSED_VARIABLE = YES;
				HEADER_SEARCH_PATHS = "$(iOSOpenDevPath)/include/**";
				IPHONEOS_DEPLOYMENT_TARGET = 5.1.1;
				LIBRARY_SEARCH_PATHS = "$(iOSOpenDevPath)/lib/**";
				SDKROOT = iphoneos;
				TARGETED_DEVICE_FAMILY = "1,2";
				VALIDATE_PRODUCT = YES;
				iOSOpenDevPath = /opt/iOSOpenDev;
			};
			name = Release;
		};
		0D493CAB159D729D004DB4F8 /* Debug */ = {
			isa = XCBuildConfiguration;
			buildSettings = {
				ARCHS = "$(ARCHS_STANDARD_INCLUDING_64_BIT)";
				COPY_PHASE_STRIP = NO;
				EXCLUDED_RECURSIVE_SEARCH_PATH_SUBDIRECTORIES = "*.nib *.lproj *.gch (*) .DS_Store CVS .svn .git .hg *.xcodeproj *.xcode *.pbproj *.pbxproj";
				FRAMEWORK_SEARCH_PATHS = "$(iOSOpenDevPath)/frameworks/**";
				GCC_C_LANGUAGE_STANDARD = gnu99;
				GCC_DYNAMIC_NO_PIC = NO;
				GCC_OPTIMIZATION_LEVEL = 0;
				GCC_PREPROCESSOR_DEFINITIONS = (
					"DEBUG=1",
					"$(inherited)",
				);
				GCC_SYMBOLS_PRIVATE_EXTERN = NO;
				GCC_WARN_ABOUT_MISSING_PROTOTYPES = YES;
				GCC_WARN_ABOUT_RETURN_TYPE = YES;
				GCC_WARN_UNUSED_VARIABLE = YES;
				HEADER_SEARCH_PATHS = "$(iOSOpenDevPath)/include/**";
				IPHONEOS_DEPLOYMENT_TARGET = 5.1.1;
				LIBRARY_SEARCH_PATHS = "$(iOSOpenDevPath)/lib/**";
				SDKROOT = iphoneos;
				TARGETED_DEVICE_FAMILY = "1,2";
				VALIDATE_PRODUCT = NO;
				iOSOpenDevPath = /opt/iOSOpenDev;
			};
			name = Debug;
		};
		0D493CAD159D729D004DB4F8 /* Release */ = {
			isa = XCBuildConfiguration;
			buildSettings = {
				DYLIB_COMPATIBILITY_VERSION = 1;
				DYLIB_CURRENT_VERSION = 1;
				GCC_PRECOMPILE_PREFIX_HEADER = YES;
				GCC_PREFIX_HEADER = "openInChrome/openInChrome-Prefix.pch";
				INSTALL_PATH = /Library/MobileSubstrate/DynamicLibraries;
				LIBRARY_SEARCH_PATHS = (
					"$(inherited)",
					/opt/iOSOpenDev/lib,
				);
				PRODUCT_NAME = "$(TARGET_NAME)";
				iOSOpenDevCopyOnBuild = NO;
				iOSOpenDevDevice = "";
				iOSOpenDevInstallOnAnyBuild = YES;
				iOSOpenDevInstallOnProfiling = NO;
				iOSOpenDevRespringOnInstall = NO;
				iOSOpenDevUsePackageVersionPList = NO;
			};
			name = Release;
		};
		0D493CAE159D729D004DB4F8 /* Debug */ = {
			isa = XCBuildConfiguration;
			buildSettings = {
				DYLIB_COMPATIBILITY_VERSION = 1;
				DYLIB_CURRENT_VERSION = 1;
				GCC_PRECOMPILE_PREFIX_HEADER = YES;
				GCC_PREFIX_HEADER = "openInChrome/openInChrome-Prefix.pch";
				INSTALL_PATH = /Library/MobileSubstrate/DynamicLibraries;
				LIBRARY_SEARCH_PATHS = (
					"$(inherited)",
					/opt/iOSOpenDev/lib,
				);
				PRODUCT_NAME = "$(TARGET_NAME)";
				iOSOpenDevCopyOnBuild = NO;
				iOSOpenDevDevice = "";
				iOSOpenDevInstallOnAnyBuild = YES;
				iOSOpenDevInstallOnProfiling = NO;
				iOSOpenDevRespringOnInstall = NO;
				iOSOpenDevUsePackageVersionPList = NO;
			};
			name = Debug;
		};
		0D493CB7159D85E9004DB4F8 /* Release - iPad */ = {
			isa = XCBuildConfiguration;
			buildSettings = {
				ARCHS = "$(ARCHS_STANDARD_INCLUDING_64_BIT)";
				COPY_PHASE_STRIP = YES;
				EXCLUDED_RECURSIVE_SEARCH_PATH_SUBDIRECTORIES = "*.nib *.lproj *.gch (*) .DS_Store CVS .svn .git .hg *.xcodeproj *.xcode *.pbproj *.pbxproj";
				FRAMEWORK_SEARCH_PATHS = "$(iOSOpenDevPath)/frameworks/**";
				GCC_C_LANGUAGE_STANDARD = gnu99;
				GCC_WARN_ABOUT_MISSING_PROTOTYPES = YES;
				GCC_WARN_ABOUT_RETURN_TYPE = YES;
				GCC_WARN_UNUSED_VARIABLE = YES;
				HEADER_SEARCH_PATHS = "$(iOSOpenDevPath)/include/**";
				IPHONEOS_DEPLOYMENT_TARGET = 5.1.1;
				LIBRARY_SEARCH_PATHS = "$(iOSOpenDevPath)/lib/**";
				SDKROOT = iphoneos;
				TARGETED_DEVICE_FAMILY = "1,2";
				VALIDATE_PRODUCT = YES;
				iOSOpenDevPath = /opt/iOSOpenDev;
			};
			name = "Release - iPad";
		};
		0D493CB8159D85E9004DB4F8 /* Release - iPad */ = {
			isa = XCBuildConfiguration;
			buildSettings = {
				DYLIB_COMPATIBILITY_VERSION = 1;
				DYLIB_CURRENT_VERSION = 1;
				GCC_PRECOMPILE_PREFIX_HEADER = YES;
				GCC_PREFIX_HEADER = "openInChrome/openInChrome-Prefix.pch";
				INSTALL_PATH = /Library/MobileSubstrate/DynamicLibraries;
				LIBRARY_SEARCH_PATHS = (
					"$(inherited)",
					/opt/iOSOpenDev/lib,
				);
				PRODUCT_NAME = "$(TARGET_NAME)";
				iOSOpenDevCopyOnBuild = NO;
				iOSOpenDevDevice = 192.168.1.127;
				iOSOpenDevInstallOnAnyBuild = YES;
				iOSOpenDevInstallOnProfiling = NO;
				iOSOpenDevRespringOnInstall = NO;
				iOSOpenDevUsePackageVersionPList = NO;
			};
			name = "Release - iPad";
		};
/* End XCBuildConfiguration section */

/* Begin XCConfigurationList section */
		0D493C90159D729C004DB4F8 /* Build configuration list for PBXProject "openInChrome" */ = {
			isa = XCConfigurationList;
			buildConfigurations = (
				0D493CAA159D729D004DB4F8 /* Release */,
				0D493CB7159D85E9004DB4F8 /* Release - iPad */,
				0D493CAB159D729D004DB4F8 /* Debug */,
			);
			defaultConfigurationIsVisible = 0;
			defaultConfigurationName = Release;
		};
		0D493CAC159D729D004DB4F8 /* Build configuration list for PBXNativeTarget "openInChrome" */ = {
			isa = XCConfigurationList;
			buildConfigurations = (
				0D493CAD159D729D004DB4F8 /* Release */,
				0D493CB8159D85E9004DB4F8 /* Release - iPad */,
				0D493CAE159D729D004DB4F8 /* Debug */,
			);
			defaultConfigurationIsVisible = 0;
			defaultConfigurationName = Release;
		};
/* End XCConfigurationList section */
	};
	rootObject = 0D493C8D159D729C004DB4F8 /* Project object */;
}
